
Microsoft Visual Studio Solution File, Format Version 12.00
# Visual Studio Version 17
VisualStudioVersion = 17.6.33829.357
MinimumVisualStudioVersion = 10.0.40219.1
Project("{FAE04EC0-301F-11D3-BF4B-00C04F79EFBC}") = "MagicVilla_API", "MagicVilla_API\MagicVilla_API.csproj", "{283363C7-C0E2-4C54-9C9D-D008335B978C}"
EndProject
Global
	GlobalSection(SolutionConfigurationPlatforms) = preSolution
		Debug|Any CPU = Debug|Any CPU
		Release|Any CPU = Release|Any CPU
	EndGlobalSection
	GlobalSection(ProjectConfigurationPlatforms) = postSolution
		{283363C7-C0E2-4C54-9C9D-D008335B978C}.Debug|Any CPU.ActiveCfg = Debug|Any CPU
		{283363C7-C0E2-4C54-9C9D-D008335B978C}.Debug|Any CPU.Build.0 = Debug|Any CPU
		{283363C7-C0E2-4C54-9C9D-D008335B978C}.Release|Any CPU.ActiveCfg = Release|Any CPU
		{283363C7-C0E2-4C54-9C9D-D008335B978C}.Release|Any CPU.Build.0 = Release|Any CPU
	EndGlobalSection
	GlobalSection(SolutionProperties) = preSolution
		HideSolutionNode = FALSE
	EndGlobalSection
	GlobalSection(ExtensibilityGlobals) = postSolution
		SolutionGuid = {CB75C23F-90C3-45E6-9651-B55ABFE8B30B}
	EndGlobalSection
EndGlobal
